// !$*UTF8*$!
{
	archiveVersion = 1;
	classes = {
	};
	objectVersion = 56;
	objects = {

/* Begin PBXBuildFile section */
		1B05515C2A57C786002904B5 /* Assets.xcassets in Resources */ = {isa = PBXBuildFile; fileRef = 1B8FDA912A4BB1C1007BE5E5 /* Assets.xcassets */; };
		1B0551642A57CC23002904B5 /* Color+Extensions.swift in Sources */ = {isa = PBXBuildFile; fileRef = 1B0551632A57CC23002904B5 /* Color+Extensions.swift */; };
		1B0551652A57CC23002904B5 /* Color+Extensions.swift in Sources */ = {isa = PBXBuildFile; fileRef = 1B0551632A57CC23002904B5 /* Color+Extensions.swift */; };
		1B1A81D02A5BD27F0098BDCE /* ButtonView.swift in Sources */ = {isa = PBXBuildFile; fileRef = 1B1A81CF2A5BD27F0098BDCE /* ButtonView.swift */; };
		1B1A81D22A5BDAE70098BDCE /* ToggleSliderButton.swift in Sources */ = {isa = PBXBuildFile; fileRef = 1B1A81D12A5BDAE70098BDCE /* ToggleSliderButton.swift */; };
		1B383F492A53ECEF003665EA /* ImageView.swift in Sources */ = {isa = PBXBuildFile; fileRef = 1B383F482A53ECEE003665EA /* ImageView.swift */; };
		1B5476342A68C823003D5DD7 /* GoogleAdPrompt.swift in Sources */ = {isa = PBXBuildFile; fileRef = 1B5476332A68C823003D5DD7 /* GoogleAdPrompt.swift */; };
		1B8FDA8E2A4BB1C0007BE5E5 /* WidgetDemoApp.swift in Sources */ = {isa = PBXBuildFile; fileRef = 1B8FDA8D2A4BB1C0007BE5E5 /* WidgetDemoApp.swift */; };
		1B8FDA902A4BB1C0007BE5E5 /* ContentView.swift in Sources */ = {isa = PBXBuildFile; fileRef = 1B8FDA8F2A4BB1C0007BE5E5 /* ContentView.swift */; };
		1B8FDA922A4BB1C1007BE5E5 /* Assets.xcassets in Resources */ = {isa = PBXBuildFile; fileRef = 1B8FDA912A4BB1C1007BE5E5 /* Assets.xcassets */; };
		1B8FDA952A4BB1C1007BE5E5 /* Preview Assets.xcassets in Resources */ = {isa = PBXBuildFile; fileRef = 1B8FDA942A4BB1C1007BE5E5 /* Preview Assets.xcassets */; };
		1B8FDAA22A4BB1F0007BE5E5 /* WidgetKit.framework in Frameworks */ = {isa = PBXBuildFile; fileRef = 1B8FDAA12A4BB1F0007BE5E5 /* WidgetKit.framework */; };
		1B8FDAA42A4BB1F0007BE5E5 /* SwiftUI.framework in Frameworks */ = {isa = PBXBuildFile; fileRef = 1B8FDAA32A4BB1F0007BE5E5 /* SwiftUI.framework */; };
		1B8FDAA72A4BB1F0007BE5E5 /* widgetBundle.swift in Sources */ = {isa = PBXBuildFile; fileRef = 1B8FDAA62A4BB1F0007BE5E5 /* widgetBundle.swift */; };
		1B8FDAA92A4BB1F0007BE5E5 /* widgetLiveActivity.swift in Sources */ = {isa = PBXBuildFile; fileRef = 1B8FDAA82A4BB1F0007BE5E5 /* widgetLiveActivity.swift */; };
		1B8FDAAB2A4BB1F0007BE5E5 /* widget.swift in Sources */ = {isa = PBXBuildFile; fileRef = 1B8FDAAA2A4BB1F0007BE5E5 /* widget.swift */; };
		1B8FDAB02A4BB1F1007BE5E5 /* widget.intentdefinition in Sources */ = {isa = PBXBuildFile; fileRef = 1B8FDAAC2A4BB1F0007BE5E5 /* widget.intentdefinition */; };
		1B8FDAB12A4BB1F1007BE5E5 /* widget.intentdefinition in Sources */ = {isa = PBXBuildFile; fileRef = 1B8FDAAC2A4BB1F0007BE5E5 /* widget.intentdefinition */; };
		1B8FDAB42A4BB1F1007BE5E5 /* widgetExtension.appex in Embed Foundation Extensions */ = {isa = PBXBuildFile; fileRef = 1B8FDA9F2A4BB1F0007BE5E5 /* widgetExtension.appex */; settings = {ATTRIBUTES = (RemoveHeadersOnCopy, ); }; };
		1B8FDABA2A4BB552007BE5E5 /* CameraPreview.swift in Sources */ = {isa = PBXBuildFile; fileRef = 1B8FDAB92A4BB552007BE5E5 /* CameraPreview.swift */; };
		1B8FDABD2A4BF5F1007BE5E5 /* LimitedArray.swift in Sources */ = {isa = PBXBuildFile; fileRef = 1B8FDABC2A4BF5F1007BE5E5 /* LimitedArray.swift */; };
		1B8FDABF2A4C04DC007BE5E5 /* String+Extensions.swift in Sources */ = {isa = PBXBuildFile; fileRef = 1B8FDABE2A4C04DC007BE5E5 /* String+Extensions.swift */; };
		1B8FDAC22A4C1CDC007BE5E5 /* Notification.Names.swift in Sources */ = {isa = PBXBuildFile; fileRef = 1B8FDAC12A4C1CDC007BE5E5 /* Notification.Names.swift */; };
		1B8FDAC52A4C1EE5007BE5E5 /* Consts.swift in Sources */ = {isa = PBXBuildFile; fileRef = 1B8FDAC42A4C1EE5007BE5E5 /* Consts.swift */; };
		1B8FDAC62A4C1EE9007BE5E5 /* Consts.swift in Sources */ = {isa = PBXBuildFile; fileRef = 1B8FDAC42A4C1EE5007BE5E5 /* Consts.swift */; };
		1B8FDACB2A4C223F007BE5E5 /* AppGroup.swift in Sources */ = {isa = PBXBuildFile; fileRef = 1B8FDACA2A4C223F007BE5E5 /* AppGroup.swift */; };
		1B8FDACC2A4C2271007BE5E5 /* AppGroup.swift in Sources */ = {isa = PBXBuildFile; fileRef = 1B8FDACA2A4C223F007BE5E5 /* AppGroup.swift */; };
		1B8FDACE2A4C25A1007BE5E5 /* UIImage+Extensions.swift in Sources */ = {isa = PBXBuildFile; fileRef = 1B8FDACD2A4C25A1007BE5E5 /* UIImage+Extensions.swift */; };
		1B8FDACF2A4C25CD007BE5E5 /* UIImage+Extensions.swift in Sources */ = {isa = PBXBuildFile; fileRef = 1B8FDACD2A4C25A1007BE5E5 /* UIImage+Extensions.swift */; };
		1B8FDAD22A4C2644007BE5E5 /* Notification.Names.swift in Sources */ = {isa = PBXBuildFile; fileRef = 1B8FDAC12A4C1CDC007BE5E5 /* Notification.Names.swift */; };
		1B8FDAD42A4D0454007BE5E5 /* CGSize+Extensions.swift in Sources */ = {isa = PBXBuildFile; fileRef = 1B8FDAD32A4D0454007BE5E5 /* CGSize+Extensions.swift */; };
		1B8FDAD52A4D0652007BE5E5 /* CGSize+Extensions.swift in Sources */ = {isa = PBXBuildFile; fileRef = 1B8FDAD32A4D0454007BE5E5 /* CGSize+Extensions.swift */; };
		8D6D673D2A613AE700AA1765 /* CGFloat+Extensions.swift in Sources */ = {isa = PBXBuildFile; fileRef = 8D6D673C2A613AE700AA1765 /* CGFloat+Extensions.swift */; };
		8D6E29E82A612CB10028396A /* GoogleMobileAds in Frameworks */ = {isa = PBXBuildFile; productRef = 8D6E29E72A612CB10028396A /* GoogleMobileAds */; };
		8D6E29EB2A612D120028396A /* GoogleAd.swift in Sources */ = {isa = PBXBuildFile; fileRef = 8D6E29E92A612D110028396A /* GoogleAd.swift */; };
		8D6E29EC2A612D120028396A /* BannerAdView.swift in Sources */ = {isa = PBXBuildFile; fileRef = 8D6E29EA2A612D120028396A /* BannerAdView.swift */; };
		8D6E29EE2A612DF60028396A /* Userdefault+Extensions.swift in Sources */ = {isa = PBXBuildFile; fileRef = 8D6E29ED2A612DF60028396A /* Userdefault+Extensions.swift */; };
		8D6E29F02A612E270028396A /* UIApplication+Extensions.swift in Sources */ = {isa = PBXBuildFile; fileRef = 8D6E29EF2A612E270028396A /* UIApplication+Extensions.swift */; };
		8DC4B3422A64FEB300E4A561 /* ActivityIndicatorView in Frameworks */ = {isa = PBXBuildFile; productRef = 8DC4B3412A64FEB300E4A561 /* ActivityIndicatorView */; };
		8DE0A9632A5FB05200D4B058 /* CameraAccesDeninedView.swift in Sources */ = {isa = PBXBuildFile; fileRef = 8DE0A9622A5FB05200D4B058 /* CameraAccesDeninedView.swift */; };
		8DE0A9642A5FB76B00D4B058 /* Localizable.strings in Resources */ = {isa = PBXBuildFile; fileRef = 8DE0A9672A5FB76B00D4B058 /* Localizable.strings */; };
		8DE0A9652A5FB76B00D4B058 /* Localizable.strings in Resources */ = {isa = PBXBuildFile; fileRef = 8DE0A9672A5FB76B00D4B058 /* Localizable.strings */; };
		8DE0A9692A5FB7B800D4B058 /* InfoPlist.strings in Resources */ = {isa = PBXBuildFile; fileRef = 8DE0A96C2A5FB7B800D4B058 /* InfoPlist.strings */; };
		8DE0A96A2A5FB7B800D4B058 /* InfoPlist.strings in Resources */ = {isa = PBXBuildFile; fileRef = 8DE0A96C2A5FB7B800D4B058 /* InfoPlist.strings */; };
/* End PBXBuildFile section */

/* Begin PBXContainerItemProxy section */
		1B8FDAB22A4BB1F1007BE5E5 /* PBXContainerItemProxy */ = {
			isa = PBXContainerItemProxy;
			containerPortal = 1B8FDA822A4BB1C0007BE5E5 /* Project object */;
			proxyType = 1;
			remoteGlobalIDString = 1B8FDA9E2A4BB1F0007BE5E5;
			remoteInfo = widgetExtension;
		};
/* End PBXContainerItemProxy section */

/* Begin PBXCopyFilesBuildPhase section */
		1B8FDAB82A4BB1F1007BE5E5 /* Embed Foundation Extensions */ = {
			isa = PBXCopyFilesBuildPhase;
			buildActionMask = 2147483647;
			dstPath = "";
			dstSubfolderSpec = 13;
			files = (
				1B8FDAB42A4BB1F1007BE5E5 /* widgetExtension.appex in Embed Foundation Extensions */,
			);
			name = "Embed Foundation Extensions";
			runOnlyForDeploymentPostprocessing = 0;
		};
/* End PBXCopyFilesBuildPhase section */

/* Begin PBXFileReference section */
		1B0551632A57CC23002904B5 /* Color+Extensions.swift */ = {isa = PBXFileReference; lastKnownFileType = sourcecode.swift; path = "Color+Extensions.swift"; sourceTree = "<group>"; };
		1B0551662A57D315002904B5 /* Info.plist */ = {isa = PBXFileReference; lastKnownFileType = text.plist; name = Info.plist; path = widgetDemo/Info.plist; sourceTree = "<group>"; };
		1B1A81CF2A5BD27F0098BDCE /* ButtonView.swift */ = {isa = PBXFileReference; lastKnownFileType = sourcecode.swift; path = ButtonView.swift; sourceTree = "<group>"; };
		1B1A81D12A5BDAE70098BDCE /* ToggleSliderButton.swift */ = {isa = PBXFileReference; lastKnownFileType = sourcecode.swift; path = ToggleSliderButton.swift; sourceTree = "<group>"; };
		1B383F482A53ECEE003665EA /* ImageView.swift */ = {isa = PBXFileReference; lastKnownFileType = sourcecode.swift; path = ImageView.swift; sourceTree = "<group>"; };
		1B5476332A68C823003D5DD7 /* GoogleAdPrompt.swift */ = {isa = PBXFileReference; fileEncoding = 4; lastKnownFileType = sourcecode.swift; path = GoogleAdPrompt.swift; sourceTree = "<group>"; };
		1B8FDA8A2A4BB1C0007BE5E5 /* readingGlasses.app */ = {isa = PBXFileReference; explicitFileType = wrapper.application; includeInIndex = 0; path = readingGlasses.app; sourceTree = BUILT_PRODUCTS_DIR; };
		1B8FDA8D2A4BB1C0007BE5E5 /* WidgetDemoApp.swift */ = {isa = PBXFileReference; lastKnownFileType = sourcecode.swift; path = WidgetDemoApp.swift; sourceTree = "<group>"; };
		1B8FDA8F2A4BB1C0007BE5E5 /* ContentView.swift */ = {isa = PBXFileReference; lastKnownFileType = sourcecode.swift; path = ContentView.swift; sourceTree = "<group>"; };
		1B8FDA912A4BB1C1007BE5E5 /* Assets.xcassets */ = {isa = PBXFileReference; lastKnownFileType = folder.assetcatalog; path = Assets.xcassets; sourceTree = "<group>"; };
		1B8FDA942A4BB1C1007BE5E5 /* Preview Assets.xcassets */ = {isa = PBXFileReference; lastKnownFileType = folder.assetcatalog; path = "Preview Assets.xcassets"; sourceTree = "<group>"; };
		1B8FDA9F2A4BB1F0007BE5E5 /* widgetExtension.appex */ = {isa = PBXFileReference; explicitFileType = "wrapper.app-extension"; includeInIndex = 0; path = widgetExtension.appex; sourceTree = BUILT_PRODUCTS_DIR; };
		1B8FDAA12A4BB1F0007BE5E5 /* WidgetKit.framework */ = {isa = PBXFileReference; lastKnownFileType = wrapper.framework; name = WidgetKit.framework; path = System/Library/Frameworks/WidgetKit.framework; sourceTree = SDKROOT; };
		1B8FDAA32A4BB1F0007BE5E5 /* SwiftUI.framework */ = {isa = PBXFileReference; lastKnownFileType = wrapper.framework; name = SwiftUI.framework; path = System/Library/Frameworks/SwiftUI.framework; sourceTree = SDKROOT; };
		1B8FDAA62A4BB1F0007BE5E5 /* widgetBundle.swift */ = {isa = PBXFileReference; lastKnownFileType = sourcecode.swift; path = widgetBundle.swift; sourceTree = "<group>"; };
		1B8FDAA82A4BB1F0007BE5E5 /* widgetLiveActivity.swift */ = {isa = PBXFileReference; lastKnownFileType = sourcecode.swift; path = widgetLiveActivity.swift; sourceTree = "<group>"; };
		1B8FDAAA2A4BB1F0007BE5E5 /* widget.swift */ = {isa = PBXFileReference; lastKnownFileType = sourcecode.swift; path = widget.swift; sourceTree = "<group>"; };
		1B8FDAAC2A4BB1F0007BE5E5 /* widget.intentdefinition */ = {isa = PBXFileReference; lastKnownFileType = file.intentdefinition; path = widget.intentdefinition; sourceTree = "<group>"; };
		1B8FDAAF2A4BB1F1007BE5E5 /* Info.plist */ = {isa = PBXFileReference; lastKnownFileType = text.plist.xml; path = Info.plist; sourceTree = "<group>"; };
		1B8FDAB92A4BB552007BE5E5 /* CameraPreview.swift */ = {isa = PBXFileReference; lastKnownFileType = sourcecode.swift; path = CameraPreview.swift; sourceTree = "<group>"; };
		1B8FDABC2A4BF5F1007BE5E5 /* LimitedArray.swift */ = {isa = PBXFileReference; lastKnownFileType = sourcecode.swift; path = LimitedArray.swift; sourceTree = "<group>"; };
		1B8FDABE2A4C04DC007BE5E5 /* String+Extensions.swift */ = {isa = PBXFileReference; lastKnownFileType = sourcecode.swift; path = "String+Extensions.swift"; sourceTree = "<group>"; };
		1B8FDAC02A4C189B007BE5E5 /* WidgetDemo.entitlements */ = {isa = PBXFileReference; lastKnownFileType = text.plist.entitlements; path = WidgetDemo.entitlements; sourceTree = "<group>"; };
		1B8FDAC12A4C1CDC007BE5E5 /* Notification.Names.swift */ = {isa = PBXFileReference; lastKnownFileType = sourcecode.swift; path = Notification.Names.swift; sourceTree = "<group>"; };
		1B8FDAC42A4C1EE5007BE5E5 /* Consts.swift */ = {isa = PBXFileReference; lastKnownFileType = sourcecode.swift; path = Consts.swift; sourceTree = "<group>"; };
		1B8FDAC72A4C1F84007BE5E5 /* widgetExtension.entitlements */ = {isa = PBXFileReference; lastKnownFileType = text.plist.entitlements; path = widgetExtension.entitlements; sourceTree = "<group>"; };
		1B8FDACA2A4C223F007BE5E5 /* AppGroup.swift */ = {isa = PBXFileReference; lastKnownFileType = sourcecode.swift; path = AppGroup.swift; sourceTree = "<group>"; };
		1B8FDACD2A4C25A1007BE5E5 /* UIImage+Extensions.swift */ = {isa = PBXFileReference; lastKnownFileType = sourcecode.swift; path = "UIImage+Extensions.swift"; sourceTree = "<group>"; };
		1B8FDAD32A4D0454007BE5E5 /* CGSize+Extensions.swift */ = {isa = PBXFileReference; lastKnownFileType = sourcecode.swift; path = "CGSize+Extensions.swift"; sourceTree = "<group>"; };
		8D6D673C2A613AE700AA1765 /* CGFloat+Extensions.swift */ = {isa = PBXFileReference; lastKnownFileType = sourcecode.swift; path = "CGFloat+Extensions.swift"; sourceTree = "<group>"; };
		8D6E29E92A612D110028396A /* GoogleAd.swift */ = {isa = PBXFileReference; fileEncoding = 4; lastKnownFileType = sourcecode.swift; path = GoogleAd.swift; sourceTree = "<group>"; };
		8D6E29EA2A612D120028396A /* BannerAdView.swift */ = {isa = PBXFileReference; fileEncoding = 4; lastKnownFileType = sourcecode.swift; path = BannerAdView.swift; sourceTree = "<group>"; };
		8D6E29ED2A612DF60028396A /* Userdefault+Extensions.swift */ = {isa = PBXFileReference; fileEncoding = 4; lastKnownFileType = sourcecode.swift; path = "Userdefault+Extensions.swift"; sourceTree = "<group>"; };
		8D6E29EF2A612E270028396A /* UIApplication+Extensions.swift */ = {isa = PBXFileReference; fileEncoding = 4; lastKnownFileType = sourcecode.swift; path = "UIApplication+Extensions.swift"; sourceTree = "<group>"; };
		8DE0A9622A5FB05200D4B058 /* CameraAccesDeninedView.swift */ = {isa = PBXFileReference; lastKnownFileType = sourcecode.swift; path = CameraAccesDeninedView.swift; sourceTree = "<group>"; };
		8DE0A9662A5FB76B00D4B058 /* en */ = {isa = PBXFileReference; lastKnownFileType = text.plist.strings; name = en; path = en.lproj/Localizable.strings; sourceTree = "<group>"; };
		8DE0A9682A5FB76E00D4B058 /* ko */ = {isa = PBXFileReference; lastKnownFileType = text.plist.strings; name = ko; path = ko.lproj/Localizable.strings; sourceTree = "<group>"; };
		8DE0A96B2A5FB7B800D4B058 /* ko */ = {isa = PBXFileReference; lastKnownFileType = text.plist.strings; name = ko; path = ko.lproj/InfoPlist.strings; sourceTree = "<group>"; };
		8DE0A96D2A5FB7BB00D4B058 /* en */ = {isa = PBXFileReference; lastKnownFileType = text.plist.strings; name = en; path = en.lproj/InfoPlist.strings; sourceTree = "<group>"; };
/* End PBXFileReference section */

/* Begin PBXFrameworksBuildPhase section */
		1B8FDA872A4BB1C0007BE5E5 /* Frameworks */ = {
			isa = PBXFrameworksBuildPhase;
			buildActionMask = 2147483647;
			files = (
				8DC4B3422A64FEB300E4A561 /* ActivityIndicatorView in Frameworks */,
				8D6E29E82A612CB10028396A /* GoogleMobileAds in Frameworks */,
			);
			runOnlyForDeploymentPostprocessing = 0;
		};
		1B8FDA9C2A4BB1F0007BE5E5 /* Frameworks */ = {
			isa = PBXFrameworksBuildPhase;
			buildActionMask = 2147483647;
			files = (
				1B8FDAA42A4BB1F0007BE5E5 /* SwiftUI.framework in Frameworks */,
				1B8FDAA22A4BB1F0007BE5E5 /* WidgetKit.framework in Frameworks */,
			);
			runOnlyForDeploymentPostprocessing = 0;
		};
/* End PBXFrameworksBuildPhase section */

/* Begin PBXGroup section */
		1B8FDA812A4BB1C0007BE5E5 = {
			isa = PBXGroup;
			children = (
				1B0551662A57D315002904B5 /* Info.plist */,
				1B8FDAD02A4C25DD007BE5E5 /* Common */,
				1B8FDAC72A4C1F84007BE5E5 /* widgetExtension.entitlements */,
				1B8FDA8C2A4BB1C0007BE5E5 /* WidgetDemo */,
				1B8FDAA52A4BB1F0007BE5E5 /* widget */,
				1B8FDAA02A4BB1F0007BE5E5 /* Frameworks */,
				1B8FDA8B2A4BB1C0007BE5E5 /* Products */,
			);
			sourceTree = "<group>";
		};
		1B8FDA8B2A4BB1C0007BE5E5 /* Products */ = {
			isa = PBXGroup;
			children = (
				1B8FDA8A2A4BB1C0007BE5E5 /* readingGlasses.app */,
				1B8FDA9F2A4BB1F0007BE5E5 /* widgetExtension.appex */,
			);
			name = Products;
			sourceTree = "<group>";
		};
		1B8FDA8C2A4BB1C0007BE5E5 /* WidgetDemo */ = {
			isa = PBXGroup;
			children = (
				8D6E29F12A612E3F0028396A /* Extensions */,
				1B8FDABE2A4C04DC007BE5E5 /* String+Extensions.swift */,
				1B8FDAC02A4C189B007BE5E5 /* WidgetDemo.entitlements */,
				1B8FDA8D2A4BB1C0007BE5E5 /* WidgetDemoApp.swift */,
				8D3D9F892A85B0DE00DC9897 /* GoogleAd */,
				1B8FDA8F2A4BB1C0007BE5E5 /* ContentView.swift */,
				1B8FDABC2A4BF5F1007BE5E5 /* LimitedArray.swift */,
				1B8FDA932A4BB1C1007BE5E5 /* Preview Content */,
				1B8FDAB92A4BB552007BE5E5 /* CameraPreview.swift */,
				1B383F482A53ECEE003665EA /* ImageView.swift */,
				1B1A81CF2A5BD27F0098BDCE /* ButtonView.swift */,
				1B1A81D12A5BDAE70098BDCE /* ToggleSliderButton.swift */,
				8DE0A9622A5FB05200D4B058 /* CameraAccesDeninedView.swift */,
			);
			path = WidgetDemo;
			sourceTree = "<group>";
		};
		1B8FDA932A4BB1C1007BE5E5 /* Preview Content */ = {
			isa = PBXGroup;
			children = (
				1B8FDA942A4BB1C1007BE5E5 /* Preview Assets.xcassets */,
			);
			path = "Preview Content";
			sourceTree = "<group>";
		};
		1B8FDAA02A4BB1F0007BE5E5 /* Frameworks */ = {
			isa = PBXGroup;
			children = (
				1B8FDAA12A4BB1F0007BE5E5 /* WidgetKit.framework */,
				1B8FDAA32A4BB1F0007BE5E5 /* SwiftUI.framework */,
			);
			name = Frameworks;
			sourceTree = "<group>";
		};
		1B8FDAA52A4BB1F0007BE5E5 /* widget */ = {
			isa = PBXGroup;
			children = (
				1B8FDAA62A4BB1F0007BE5E5 /* widgetBundle.swift */,
				1B8FDAA82A4BB1F0007BE5E5 /* widgetLiveActivity.swift */,
				1B8FDAAA2A4BB1F0007BE5E5 /* widget.swift */,
				1B8FDAAC2A4BB1F0007BE5E5 /* widget.intentdefinition */,
				1B8FDAAF2A4BB1F1007BE5E5 /* Info.plist */,
			);
			path = widget;
			sourceTree = "<group>";
		};
		1B8FDAD02A4C25DD007BE5E5 /* Common */ = {
			isa = PBXGroup;
			children = (
				1B8FDA912A4BB1C1007BE5E5 /* Assets.xcassets */,
				1B8FDAC12A4C1CDC007BE5E5 /* Notification.Names.swift */,
				1B8FDAC42A4C1EE5007BE5E5 /* Consts.swift */,
				1B8FDACA2A4C223F007BE5E5 /* AppGroup.swift */,
				1B8FDACD2A4C25A1007BE5E5 /* UIImage+Extensions.swift */,
				1B8FDAD32A4D0454007BE5E5 /* CGSize+Extensions.swift */,
				8DE0A9672A5FB76B00D4B058 /* Localizable.strings */,
				8DE0A96C2A5FB7B800D4B058 /* InfoPlist.strings */,
				1B0551632A57CC23002904B5 /* Color+Extensions.swift */,
			);
			path = Common;
			sourceTree = "<group>";
		};
		8D3D9F892A85B0DE00DC9897 /* GoogleAd */ = {
			isa = PBXGroup;
			children = (
				8D6E29EA2A612D120028396A /* BannerAdView.swift */,
				8D6E29E92A612D110028396A /* GoogleAd.swift */,
				1B5476332A68C823003D5DD7 /* GoogleAdPrompt.swift */,
			);
			path = GoogleAd;
			sourceTree = "<group>";
		};
		8D6E29F12A612E3F0028396A /* Extensions */ = {
			isa = PBXGroup;
			children = (
				8D6E29EF2A612E270028396A /* UIApplication+Extensions.swift */,
				8D6E29ED2A612DF60028396A /* Userdefault+Extensions.swift */,
				8D6D673C2A613AE700AA1765 /* CGFloat+Extensions.swift */,
			);
			path = Extensions;
			sourceTree = "<group>";
		};
/* End PBXGroup section */

/* Begin PBXNativeTarget section */
		1B8FDA892A4BB1C0007BE5E5 /* readingGlasses */ = {
			isa = PBXNativeTarget;
			buildConfigurationList = 1B8FDA982A4BB1C1007BE5E5 /* Build configuration list for PBXNativeTarget "readingGlasses" */;
			buildPhases = (
				1B8FDA862A4BB1C0007BE5E5 /* Sources */,
				1B8FDA872A4BB1C0007BE5E5 /* Frameworks */,
				1B8FDA882A4BB1C0007BE5E5 /* Resources */,
				1B8FDAB82A4BB1F1007BE5E5 /* Embed Foundation Extensions */,
			);
			buildRules = (
			);
			dependencies = (
				1B8FDAB32A4BB1F1007BE5E5 /* PBXTargetDependency */,
			);
			name = readingGlasses;
			packageProductDependencies = (
				8D6E29E72A612CB10028396A /* GoogleMobileAds */,
				8DC4B3412A64FEB300E4A561 /* ActivityIndicatorView */,
			);
			productName = WidgetDemo;
			productReference = 1B8FDA8A2A4BB1C0007BE5E5 /* readingGlasses.app */;
			productType = "com.apple.product-type.application";
		};
		1B8FDA9E2A4BB1F0007BE5E5 /* widgetExtension */ = {
			isa = PBXNativeTarget;
			buildConfigurationList = 1B8FDAB52A4BB1F1007BE5E5 /* Build configuration list for PBXNativeTarget "widgetExtension" */;
			buildPhases = (
				1B8FDA9B2A4BB1F0007BE5E5 /* Sources */,
				1B8FDA9C2A4BB1F0007BE5E5 /* Frameworks */,
				1B8FDA9D2A4BB1F0007BE5E5 /* Resources */,
			);
			buildRules = (
			);
			dependencies = (
			);
			name = widgetExtension;
			productName = widgetExtension;
			productReference = 1B8FDA9F2A4BB1F0007BE5E5 /* widgetExtension.appex */;
			productType = "com.apple.product-type.app-extension";
		};
/* End PBXNativeTarget section */

/* Begin PBXProject section */
		1B8FDA822A4BB1C0007BE5E5 /* Project object */ = {
			isa = PBXProject;
			attributes = {
				BuildIndependentTargetsInParallel = 1;
				LastSwiftUpdateCheck = 1430;
				LastUpgradeCheck = 1430;
				TargetAttributes = {
					1B8FDA892A4BB1C0007BE5E5 = {
						CreatedOnToolsVersion = 14.3.1;
					};
					1B8FDA9E2A4BB1F0007BE5E5 = {
						CreatedOnToolsVersion = 14.3.1;
					};
				};
			};
			buildConfigurationList = 1B8FDA852A4BB1C0007BE5E5 /* Build configuration list for PBXProject "readingGlasses" */;
			compatibilityVersion = "Xcode 14.0";
			developmentRegion = en;
			hasScannedForEncodings = 0;
			knownRegions = (
				en,
				Base,
				ko,
			);
			mainGroup = 1B8FDA812A4BB1C0007BE5E5;
			packageReferences = (
				8D6E29E62A612CB10028396A /* XCRemoteSwiftPackageReference "swift-package-manager-google-mobile-ads" */,
				8DC4B3402A64FEB300E4A561 /* XCRemoteSwiftPackageReference "ActivityIndicatorView" */,
			);
			productRefGroup = 1B8FDA8B2A4BB1C0007BE5E5 /* Products */;
			projectDirPath = "";
			projectRoot = "";
			targets = (
				1B8FDA892A4BB1C0007BE5E5 /* readingGlasses */,
				1B8FDA9E2A4BB1F0007BE5E5 /* widgetExtension */,
			);
		};
/* End PBXProject section */

/* Begin PBXResourcesBuildPhase section */
		1B8FDA882A4BB1C0007BE5E5 /* Resources */ = {
			isa = PBXResourcesBuildPhase;
			buildActionMask = 2147483647;
			files = (
				1B8FDA952A4BB1C1007BE5E5 /* Preview Assets.xcassets in Resources */,
				8DE0A9692A5FB7B800D4B058 /* InfoPlist.strings in Resources */,
				8DE0A9642A5FB76B00D4B058 /* Localizable.strings in Resources */,
				1B8FDA922A4BB1C1007BE5E5 /* Assets.xcassets in Resources */,
			);
			runOnlyForDeploymentPostprocessing = 0;
		};
		1B8FDA9D2A4BB1F0007BE5E5 /* Resources */ = {
			isa = PBXResourcesBuildPhase;
			buildActionMask = 2147483647;
			files = (
				1B05515C2A57C786002904B5 /* Assets.xcassets in Resources */,
				8DE0A96A2A5FB7B800D4B058 /* InfoPlist.strings in Resources */,
				8DE0A9652A5FB76B00D4B058 /* Localizable.strings in Resources */,
			);
			runOnlyForDeploymentPostprocessing = 0;
		};
/* End PBXResourcesBuildPhase section */

/* Begin PBXSourcesBuildPhase section */
		1B8FDA862A4BB1C0007BE5E5 /* Sources */ = {
			isa = PBXSourcesBuildPhase;
			buildActionMask = 2147483647;
			files = (
				1B383F492A53ECEF003665EA /* ImageView.swift in Sources */,
				8DE0A9632A5FB05200D4B058 /* CameraAccesDeninedView.swift in Sources */,
				1B8FDAC22A4C1CDC007BE5E5 /* Notification.Names.swift in Sources */,
				1B8FDAC52A4C1EE5007BE5E5 /* Consts.swift in Sources */,
				1B8FDAB12A4BB1F1007BE5E5 /* widget.intentdefinition in Sources */,
				1B5476342A68C823003D5DD7 /* GoogleAdPrompt.swift in Sources */,
				1B8FDABD2A4BF5F1007BE5E5 /* LimitedArray.swift in Sources */,
				1B8FDAD42A4D0454007BE5E5 /* CGSize+Extensions.swift in Sources */,
				1B1A81D22A5BDAE70098BDCE /* ToggleSliderButton.swift in Sources */,
				1B1A81D02A5BD27F0098BDCE /* ButtonView.swift in Sources */,
				1B8FDACB2A4C223F007BE5E5 /* AppGroup.swift in Sources */,
				8D6E29F02A612E270028396A /* UIApplication+Extensions.swift in Sources */,
				1B0551642A57CC23002904B5 /* Color+Extensions.swift in Sources */,
				1B8FDABA2A4BB552007BE5E5 /* CameraPreview.swift in Sources */,
				1B8FDA902A4BB1C0007BE5E5 /* ContentView.swift in Sources */,
				8D6E29EB2A612D120028396A /* GoogleAd.swift in Sources */,
				1B8FDACE2A4C25A1007BE5E5 /* UIImage+Extensions.swift in Sources */,
				8D6D673D2A613AE700AA1765 /* CGFloat+Extensions.swift in Sources */,
				8D6E29EC2A612D120028396A /* BannerAdView.swift in Sources */,
				8D6E29EE2A612DF60028396A /* Userdefault+Extensions.swift in Sources */,
				1B8FDABF2A4C04DC007BE5E5 /* String+Extensions.swift in Sources */,
				1B8FDA8E2A4BB1C0007BE5E5 /* WidgetDemoApp.swift in Sources */,
			);
			runOnlyForDeploymentPostprocessing = 0;
		};
		1B8FDA9B2A4BB1F0007BE5E5 /* Sources */ = {
			isa = PBXSourcesBuildPhase;
			buildActionMask = 2147483647;
			files = (
				1B8FDAD22A4C2644007BE5E5 /* Notification.Names.swift in Sources */,
				1B8FDAB02A4BB1F1007BE5E5 /* widget.intentdefinition in Sources */,
				1B8FDACC2A4C2271007BE5E5 /* AppGroup.swift in Sources */,
				1B8FDAC62A4C1EE9007BE5E5 /* Consts.swift in Sources */,
				1B8FDAD52A4D0652007BE5E5 /* CGSize+Extensions.swift in Sources */,
				1B0551652A57CC23002904B5 /* Color+Extensions.swift in Sources */,
				1B8FDACF2A4C25CD007BE5E5 /* UIImage+Extensions.swift in Sources */,
				1B8FDAAB2A4BB1F0007BE5E5 /* widget.swift in Sources */,
				1B8FDAA92A4BB1F0007BE5E5 /* widgetLiveActivity.swift in Sources */,
				1B8FDAA72A4BB1F0007BE5E5 /* widgetBundle.swift in Sources */,
			);
			runOnlyForDeploymentPostprocessing = 0;
		};
/* End PBXSourcesBuildPhase section */

/* Begin PBXTargetDependency section */
		1B8FDAB32A4BB1F1007BE5E5 /* PBXTargetDependency */ = {
			isa = PBXTargetDependency;
			target = 1B8FDA9E2A4BB1F0007BE5E5 /* widgetExtension */;
			targetProxy = 1B8FDAB22A4BB1F1007BE5E5 /* PBXContainerItemProxy */;
		};
/* End PBXTargetDependency section */

/* Begin PBXVariantGroup section */
		8DE0A9672A5FB76B00D4B058 /* Localizable.strings */ = {
			isa = PBXVariantGroup;
			children = (
				8DE0A9662A5FB76B00D4B058 /* en */,
				8DE0A9682A5FB76E00D4B058 /* ko */,
			);
			name = Localizable.strings;
			sourceTree = "<group>";
		};
		8DE0A96C2A5FB7B800D4B058 /* InfoPlist.strings */ = {
			isa = PBXVariantGroup;
			children = (
				8DE0A96B2A5FB7B800D4B058 /* ko */,
				8DE0A96D2A5FB7BB00D4B058 /* en */,
			);
			name = InfoPlist.strings;
			sourceTree = "<group>";
		};
/* End PBXVariantGroup section */

/* Begin XCBuildConfiguration section */
		1B8FDA962A4BB1C1007BE5E5 /* Debug */ = {
			isa = XCBuildConfiguration;
			buildSettings = {
				ALWAYS_SEARCH_USER_PATHS = NO;
				CLANG_ANALYZER_NONNULL = YES;
				CLANG_ANALYZER_NUMBER_OBJECT_CONVERSION = YES_AGGRESSIVE;
				CLANG_CXX_LANGUAGE_STANDARD = "gnu++20";
				CLANG_ENABLE_MODULES = YES;
				CLANG_ENABLE_OBJC_ARC = YES;
				CLANG_ENABLE_OBJC_WEAK = YES;
				CLANG_WARN_BLOCK_CAPTURE_AUTORELEASING = YES;
				CLANG_WARN_BOOL_CONVERSION = YES;
				CLANG_WARN_COMMA = YES;
				CLANG_WARN_CONSTANT_CONVERSION = YES;
				CLANG_WARN_DEPRECATED_OBJC_IMPLEMENTATIONS = YES;
				CLANG_WARN_DIRECT_OBJC_ISA_USAGE = YES_ERROR;
				CLANG_WARN_DOCUMENTATION_COMMENTS = YES;
				CLANG_WARN_EMPTY_BODY = YES;
				CLANG_WARN_ENUM_CONVERSION = YES;
				CLANG_WARN_INFINITE_RECURSION = YES;
				CLANG_WARN_INT_CONVERSION = YES;
				CLANG_WARN_NON_LITERAL_NULL_CONVERSION = YES;
				CLANG_WARN_OBJC_IMPLICIT_RETAIN_SELF = YES;
				CLANG_WARN_OBJC_LITERAL_CONVERSION = YES;
				CLANG_WARN_OBJC_ROOT_CLASS = YES_ERROR;
				CLANG_WARN_QUOTED_INCLUDE_IN_FRAMEWORK_HEADER = YES;
				CLANG_WARN_RANGE_LOOP_ANALYSIS = YES;
				CLANG_WARN_STRICT_PROTOTYPES = YES;
				CLANG_WARN_SUSPICIOUS_MOVE = YES;
				CLANG_WARN_UNGUARDED_AVAILABILITY = YES_AGGRESSIVE;
				CLANG_WARN_UNREACHABLE_CODE = YES;
				CLANG_WARN__DUPLICATE_METHOD_MATCH = YES;
				COPY_PHASE_STRIP = NO;
				DEBUG_INFORMATION_FORMAT = dwarf;
				ENABLE_STRICT_OBJC_MSGSEND = YES;
				ENABLE_TESTABILITY = YES;
				GCC_C_LANGUAGE_STANDARD = gnu11;
				GCC_DYNAMIC_NO_PIC = NO;
				GCC_NO_COMMON_BLOCKS = YES;
				GCC_OPTIMIZATION_LEVEL = 0;
				GCC_PREPROCESSOR_DEFINITIONS = (
					"DEBUG=1",
					"$(inherited)",
				);
				GCC_WARN_64_TO_32_BIT_CONVERSION = YES;
				GCC_WARN_ABOUT_RETURN_TYPE = YES_ERROR;
				GCC_WARN_UNDECLARED_SELECTOR = YES;
				GCC_WARN_UNINITIALIZED_AUTOS = YES_AGGRESSIVE;
				GCC_WARN_UNUSED_FUNCTION = YES;
				GCC_WARN_UNUSED_VARIABLE = YES;
				IPHONEOS_DEPLOYMENT_TARGET = 14.0;
				MTL_ENABLE_DEBUG_INFO = INCLUDE_SOURCE;
				MTL_FAST_MATH = YES;
				ONLY_ACTIVE_ARCH = YES;
				SDKROOT = iphoneos;
				SWIFT_ACTIVE_COMPILATION_CONDITIONS = DEBUG;
				SWIFT_OPTIMIZATION_LEVEL = "-Onone";
			};
			name = Debug;
		};
		1B8FDA972A4BB1C1007BE5E5 /* Release */ = {
			isa = XCBuildConfiguration;
			buildSettings = {
				ALWAYS_SEARCH_USER_PATHS = NO;
				CLANG_ANALYZER_NONNULL = YES;
				CLANG_ANALYZER_NUMBER_OBJECT_CONVERSION = YES_AGGRESSIVE;
				CLANG_CXX_LANGUAGE_STANDARD = "gnu++20";
				CLANG_ENABLE_MODULES = YES;
				CLANG_ENABLE_OBJC_ARC = YES;
				CLANG_ENABLE_OBJC_WEAK = YES;
				CLANG_WARN_BLOCK_CAPTURE_AUTORELEASING = YES;
				CLANG_WARN_BOOL_CONVERSION = YES;
				CLANG_WARN_COMMA = YES;
				CLANG_WARN_CONSTANT_CONVERSION = YES;
				CLANG_WARN_DEPRECATED_OBJC_IMPLEMENTATIONS = YES;
				CLANG_WARN_DIRECT_OBJC_ISA_USAGE = YES_ERROR;
				CLANG_WARN_DOCUMENTATION_COMMENTS = YES;
				CLANG_WARN_EMPTY_BODY = YES;
				CLANG_WARN_ENUM_CONVERSION = YES;
				CLANG_WARN_INFINITE_RECURSION = YES;
				CLANG_WARN_INT_CONVERSION = YES;
				CLANG_WARN_NON_LITERAL_NULL_CONVERSION = YES;
				CLANG_WARN_OBJC_IMPLICIT_RETAIN_SELF = YES;
				CLANG_WARN_OBJC_LITERAL_CONVERSION = YES;
				CLANG_WARN_OBJC_ROOT_CLASS = YES_ERROR;
				CLANG_WARN_QUOTED_INCLUDE_IN_FRAMEWORK_HEADER = YES;
				CLANG_WARN_RANGE_LOOP_ANALYSIS = YES;
				CLANG_WARN_STRICT_PROTOTYPES = YES;
				CLANG_WARN_SUSPICIOUS_MOVE = YES;
				CLANG_WARN_UNGUARDED_AVAILABILITY = YES_AGGRESSIVE;
				CLANG_WARN_UNREACHABLE_CODE = YES;
				CLANG_WARN__DUPLICATE_METHOD_MATCH = YES;
				COPY_PHASE_STRIP = NO;
				DEBUG_INFORMATION_FORMAT = "dwarf-with-dsym";
				ENABLE_NS_ASSERTIONS = NO;
				ENABLE_STRICT_OBJC_MSGSEND = YES;
				GCC_C_LANGUAGE_STANDARD = gnu11;
				GCC_NO_COMMON_BLOCKS = YES;
				GCC_WARN_64_TO_32_BIT_CONVERSION = YES;
				GCC_WARN_ABOUT_RETURN_TYPE = YES_ERROR;
				GCC_WARN_UNDECLARED_SELECTOR = YES;
				GCC_WARN_UNINITIALIZED_AUTOS = YES_AGGRESSIVE;
				GCC_WARN_UNUSED_FUNCTION = YES;
				GCC_WARN_UNUSED_VARIABLE = YES;
				IPHONEOS_DEPLOYMENT_TARGET = 14.0;
				MTL_ENABLE_DEBUG_INFO = NO;
				MTL_FAST_MATH = YES;
				SDKROOT = iphoneos;
				SWIFT_COMPILATION_MODE = wholemodule;
				SWIFT_OPTIMIZATION_LEVEL = "-O";
				VALIDATE_PRODUCT = YES;
			};
			name = Release;
		};
		1B8FDA992A4BB1C1007BE5E5 /* Debug */ = {
			isa = XCBuildConfiguration;
			buildSettings = {
				ALWAYS_EMBED_SWIFT_STANDARD_LIBRARIES = YES;
				ASSETCATALOG_COMPILER_APPICON_NAME = AppIcon;
				ASSETCATALOG_COMPILER_GLOBAL_ACCENT_COLOR_NAME = AccentColor;
				CODE_SIGN_ENTITLEMENTS = WidgetDemo/WidgetDemo.entitlements;
				CODE_SIGN_STYLE = Automatic;
				CURRENT_PROJECT_VERSION = 1;
				DEVELOPMENT_ASSET_PATHS = "\"WidgetDemo/Preview Content\"";
				DEVELOPMENT_TEAM = QU9EPTU238;
				ENABLE_PREVIEWS = YES;
				GENERATE_INFOPLIST_FILE = YES;
				INFOPLIST_FILE = widgetDemo/Info.plist;
				INFOPLIST_KEY_NSCameraUsageDescription = "take a photo";
				INFOPLIST_KEY_NSUserTrackingUsageDescription = "This identifier will be used to deliver personalized ads to you.";
				INFOPLIST_KEY_UIApplicationSceneManifest_Generation = YES;
				INFOPLIST_KEY_UIApplicationSupportsIndirectInputEvents = YES;
				INFOPLIST_KEY_UILaunchScreen_Generation = YES;
				INFOPLIST_KEY_UISupportedInterfaceOrientations = "UIInterfaceOrientationLandscapeLeft UIInterfaceOrientationLandscapeRight UIInterfaceOrientationPortrait UIInterfaceOrientationPortraitUpsideDown";
				LD_RUNPATH_SEARCH_PATHS = (
					"$(inherited)",
					"@executable_path/Frameworks",
				);
				MARKETING_VERSION = 1.0.9;
				OTHER_LDFLAGS = "-ObjC";
				PRODUCT_BUNDLE_IDENTIFIER = net.kongbaguni.readingGlasses;
				PRODUCT_NAME = "$(TARGET_NAME)";
				SWIFT_EMIT_LOC_STRINGS = YES;
				SWIFT_VERSION = 5.0;
				TARGETED_DEVICE_FAMILY = "1,2";
			};
			name = Debug;
		};
		1B8FDA9A2A4BB1C1007BE5E5 /* Release */ = {
			isa = XCBuildConfiguration;
			buildSettings = {
				ALWAYS_EMBED_SWIFT_STANDARD_LIBRARIES = YES;
				ASSETCATALOG_COMPILER_APPICON_NAME = AppIcon;
				ASSETCATALOG_COMPILER_GLOBAL_ACCENT_COLOR_NAME = AccentColor;
				CODE_SIGN_ENTITLEMENTS = WidgetDemo/WidgetDemo.entitlements;
				CODE_SIGN_STYLE = Automatic;
				CURRENT_PROJECT_VERSION = 1;
				DEVELOPMENT_ASSET_PATHS = "\"WidgetDemo/Preview Content\"";
				DEVELOPMENT_TEAM = QU9EPTU238;
				ENABLE_PREVIEWS = YES;
				GENERATE_INFOPLIST_FILE = YES;
				INFOPLIST_FILE = widgetDemo/Info.plist;
				INFOPLIST_KEY_NSCameraUsageDescription = "take a photo";
				INFOPLIST_KEY_NSUserTrackingUsageDescription = "This identifier will be used to deliver personalized ads to you.";
				INFOPLIST_KEY_UIApplicationSceneManifest_Generation = YES;
				INFOPLIST_KEY_UIApplicationSupportsIndirectInputEvents = YES;
				INFOPLIST_KEY_UILaunchScreen_Generation = YES;
				INFOPLIST_KEY_UISupportedInterfaceOrientations = "UIInterfaceOrientationLandscapeLeft UIInterfaceOrientationLandscapeRight UIInterfaceOrientationPortrait UIInterfaceOrientationPortraitUpsideDown";
				LD_RUNPATH_SEARCH_PATHS = (
					"$(inherited)",
					"@executable_path/Frameworks",
				);
				MARKETING_VERSION = 1.0.9;
				OTHER_LDFLAGS = "-ObjC";
				PRODUCT_BUNDLE_IDENTIFIER = net.kongbaguni.readingGlasses;
				PRODUCT_NAME = "$(TARGET_NAME)";
				SWIFT_EMIT_LOC_STRINGS = YES;
				SWIFT_VERSION = 5.0;
				TARGETED_DEVICE_FAMILY = "1,2";
			};
			name = Release;
		};
		1B8FDAB62A4BB1F1007BE5E5 /* Debug */ = {
			isa = XCBuildConfiguration;
			buildSettings = {
				ASSETCATALOG_COMPILER_GLOBAL_ACCENT_COLOR_NAME = AccentColor;
				ASSETCATALOG_COMPILER_WIDGET_BACKGROUND_COLOR_NAME = WidgetBackground;
				CODE_SIGN_ENTITLEMENTS = widgetExtension.entitlements;
				CODE_SIGN_STYLE = Automatic;
				CURRENT_PROJECT_VERSION = 1;
				DEVELOPMENT_TEAM = QU9EPTU238;
				GENERATE_INFOPLIST_FILE = YES;
				INFOPLIST_FILE = widget/Info.plist;
				INFOPLIST_KEY_CFBundleDisplayName = widgetExtension;
				INFOPLIST_KEY_NSHumanReadableCopyright = "";
				LD_RUNPATH_SEARCH_PATHS = (
					"$(inherited)",
					"@executable_path/Frameworks",
					"@executable_path/../../Frameworks",
				);
				MARKETING_VERSION = 1.0.9;
				PRODUCT_BUNDLE_IDENTIFIER = net.kongbaguni.readingGlasses.widget;
				PRODUCT_NAME = "$(TARGET_NAME)";
				SKIP_INSTALL = YES;
				SWIFT_EMIT_LOC_STRINGS = YES;
				SWIFT_VERSION = 5.0;
				TARGETED_DEVICE_FAMILY = "1,2";
			};
			name = Debug;
		};
		1B8FDAB72A4BB1F1007BE5E5 /* Release */ = {
			isa = XCBuildConfiguration;
			buildSettings = {
				ASSETCATALOG_COMPILER_GLOBAL_ACCENT_COLOR_NAME = AccentColor;
				ASSETCATALOG_COMPILER_WIDGET_BACKGROUND_COLOR_NAME = WidgetBackground;
				CODE_SIGN_ENTITLEMENTS = widgetExtension.entitlements;
				CODE_SIGN_STYLE = Automatic;
				CURRENT_PROJECT_VERSION = 1;
				DEVELOPMENT_TEAM = QU9EPTU238;
				GENERATE_INFOPLIST_FILE = YES;
				INFOPLIST_FILE = widget/Info.plist;
				INFOPLIST_KEY_CFBundleDisplayName = widgetExtension;
				INFOPLIST_KEY_NSHumanReadableCopyright = "";
				LD_RUNPATH_SEARCH_PATHS = (
					"$(inherited)",
					"@executable_path/Frameworks",
					"@executable_path/../../Frameworks",
				);
				MARKETING_VERSION = 1.0.9;
				PRODUCT_BUNDLE_IDENTIFIER = net.kongbaguni.readingGlasses.widget;
				PRODUCT_NAME = "$(TARGET_NAME)";
				SKIP_INSTALL = YES;
				SWIFT_EMIT_LOC_STRINGS = YES;
				SWIFT_VERSION = 5.0;
				TARGETED_DEVICE_FAMILY = "1,2";
			};
			name = Release;
		};
/* End XCBuildConfiguration section */

/* Begin XCConfigurationList section */
		1B8FDA852A4BB1C0007BE5E5 /* Build configuration list for PBXProject "readingGlasses" */ = {
			isa = XCConfigurationList;
			buildConfigurations = (
				1B8FDA962A4BB1C1007BE5E5 /* Debug */,
				1B8FDA972A4BB1C1007BE5E5 /* Release */,
			);
			defaultConfigurationIsVisible = 0;
			defaultConfigurationName = Release;
		};
		1B8FDA982A4BB1C1007BE5E5 /* Build configuration list for PBXNativeTarget "readingGlasses" */ = {
			isa = XCConfigurationList;
			buildConfigurations = (
				1B8FDA992A4BB1C1007BE5E5 /* Debug */,
				1B8FDA9A2A4BB1C1007BE5E5 /* Release */,
			);
			defaultConfigurationIsVisible = 0;
			defaultConfigurationName = Release;
		};
		1B8FDAB52A4BB1F1007BE5E5 /* Build configuration list for PBXNativeTarget "widgetExtension" */ = {
			isa = XCConfigurationList;
			buildConfigurations = (
				1B8FDAB62A4BB1F1007BE5E5 /* Debug */,
				1B8FDAB72A4BB1F1007BE5E5 /* Release */,
			);
			defaultConfigurationIsVisible = 0;
			defaultConfigurationName = Release;
		};
/* End XCConfigurationList section */

/* Begin XCRemoteSwiftPackageReference section */
		8D6E29E62A612CB10028396A /* XCRemoteSwiftPackageReference "swift-package-manager-google-mobile-ads" */ = {
			isa = XCRemoteSwiftPackageReference;
			repositoryURL = "https://github.com/googleads/swift-package-manager-google-mobile-ads.git";
			requirement = {
				kind = upToNextMajorVersion;
				minimumVersion = 9.0.0;
			};
		};
		8DC4B3402A64FEB300E4A561 /* XCRemoteSwiftPackageReference "ActivityIndicatorView" */ = {
			isa = XCRemoteSwiftPackageReference;
			repositoryURL = "https://github.com/exyte/ActivityIndicatorView.git";
			requirement = {
				kind = upToNextMajorVersion;
				minimumVersion = 1.0.0;
			};
		};
/* End XCRemoteSwiftPackageReference section */

/* Begin XCSwiftPackageProductDependency section */
		8D6E29E72A612CB10028396A /* GoogleMobileAds */ = {
			isa = XCSwiftPackageProductDependency;
			package = 8D6E29E62A612CB10028396A /* XCRemoteSwiftPackageReference "swift-package-manager-google-mobile-ads" */;
			productName = GoogleMobileAds;
		};
		8DC4B3412A64FEB300E4A561 /* ActivityIndicatorView */ = {
			isa = XCSwiftPackageProductDependency;
			package = 8DC4B3402A64FEB300E4A561 /* XCRemoteSwiftPackageReference "ActivityIndicatorView" */;
			productName = ActivityIndicatorView;
		};
/* End XCSwiftPackageProductDependency section */
	};
	rootObject = 1B8FDA822A4BB1C0007BE5E5 /* Project object */;
}
